// !$*UTF8*$!
{
	archiveVersion = 1;
	classes = {
	};
	objectVersion = 46;
	objects = {

/* Begin PBXBuildFile section */
		2298E0981AB00B7B003CEFFA /* TheCorkDistrictTests.swift in Sources */ = {isa = PBXBuildFile; fileRef = 2298E0971AB00B7B003CEFFA /* TheCorkDistrictTests.swift */; };
		22DF396F1BE5F8940001E12F /* Images.xcassets in Resources */ = {isa = PBXBuildFile; fileRef = 22DF396E1BE5F8940001E12F /* Images.xcassets */; settings = {ASSET_TAGS = (); }; };
		22DF39861BE5FD690001E12F /* CorkDistrictData.swift in Sources */ = {isa = PBXBuildFile; fileRef = 22DF39731BE5FD690001E12F /* CorkDistrictData.swift */; settings = {ASSET_TAGS = (); }; };
		22DF39871BE5FD690001E12F /* CorkDistrictEntityViewController.swift in Sources */ = {isa = PBXBuildFile; fileRef = 22DF39741BE5FD690001E12F /* CorkDistrictEntityViewController.swift */; settings = {ASSET_TAGS = (); }; };
		22DF39881BE5FD690001E12F /* DetailTableViewController.swift in Sources */ = {isa = PBXBuildFile; fileRef = 22DF39751BE5FD690001E12F /* DetailTableViewController.swift */; settings = {ASSET_TAGS = (); }; };
		22DF39891BE5FD690001E12F /* MainMenuViewController.swift in Sources */ = {isa = PBXBuildFile; fileRef = 22DF39761BE5FD690001E12F /* MainMenuViewController.swift */; settings = {ASSET_TAGS = (); }; };
		22DF398A1BE5FD690001E12F /* MapViewController.swift in Sources */ = {isa = PBXBuildFile; fileRef = 22DF39771BE5FD690001E12F /* MapViewController.swift */; settings = {ASSET_TAGS = (); }; };
		22DF398B1BE5FD690001E12F /* RoutingMapViewController.swift in Sources */ = {isa = PBXBuildFile; fileRef = 22DF39781BE5FD690001E12F /* RoutingMapViewController.swift */; settings = {ASSET_TAGS = (); }; };
		22DF398C1BE5FD690001E12F /* WineTourTableViewController.swift in Sources */ = {isa = PBXBuildFile; fileRef = 22DF39791BE5FD690001E12F /* WineTourTableViewController.swift */; settings = {ASSET_TAGS = (); }; };
		22DF398D1BE5FD690001E12F /* AccommodationAnnotation.swift in Sources */ = {isa = PBXBuildFile; fileRef = 22DF397A1BE5FD690001E12F /* AccommodationAnnotation.swift */; settings = {ASSET_TAGS = (); }; };
		22DF398E1BE5FD690001E12F /* CorkDistrictAnnotation.swift in Sources */ = {isa = PBXBuildFile; fileRef = 22DF397B1BE5FD690001E12F /* CorkDistrictAnnotation.swift */; settings = {ASSET_TAGS = (); }; };
		22DF398F1BE5FD690001E12F /* CorkDistrictAnnotationView.swift in Sources */ = {isa = PBXBuildFile; fileRef = 22DF397C1BE5FD690001E12F /* CorkDistrictAnnotationView.swift */; settings = {ASSET_TAGS = (); }; };
		22DF39901BE5FD690001E12F /* CorkDistrictEntity.swift in Sources */ = {isa = PBXBuildFile; fileRef = 22DF397D1BE5FD690001E12F /* CorkDistrictEntity.swift */; settings = {ASSET_TAGS = (); }; };
		22DF39911BE5FD690001E12F /* DestinationAnnotation.swift in Sources */ = {isa = PBXBuildFile; fileRef = 22DF397E1BE5FD690001E12F /* DestinationAnnotation.swift */; settings = {ASSET_TAGS = (); }; };
		22DF39921BE5FD690001E12F /* EmbeddedWebViewController.swift in Sources */ = {isa = PBXBuildFile; fileRef = 22DF397F1BE5FD690001E12F /* EmbeddedWebViewController.swift */; settings = {ASSET_TAGS = (); }; };
		22DF39931BE5FD690001E12F /* EntityCollection.swift in Sources */ = {isa = PBXBuildFile; fileRef = 22DF39801BE5FD690001E12F /* EntityCollection.swift */; settings = {ASSET_TAGS = (); }; };
		22DF39941BE5FD690001E12F /* PackageCollection.swift in Sources */ = {isa = PBXBuildFile; fileRef = 22DF39811BE5FD690001E12F /* PackageCollection.swift */; settings = {ASSET_TAGS = (); }; };
		22DF39951BE5FD690001E12F /* ParkingAnnotation.swift in Sources */ = {isa = PBXBuildFile; fileRef = 22DF39821BE5FD690001E12F /* ParkingAnnotation.swift */; settings = {ASSET_TAGS = (); }; };
		22DF39961BE5FD690001E12F /* RestaurantAnnotation.swift in Sources */ = {isa = PBXBuildFile; fileRef = 22DF39831BE5FD690001E12F /* RestaurantAnnotation.swift */; settings = {ASSET_TAGS = (); }; };
		22DF39971BE5FD690001E12F /* SwiftyJSON.swift in Sources */ = {isa = PBXBuildFile; fileRef = 22DF39841BE5FD690001E12F /* SwiftyJSON.swift */; settings = {ASSET_TAGS = (); }; };
		22DF39981BE5FD690001E12F /* WineryAnnotation.swift in Sources */ = {isa = PBXBuildFile; fileRef = 22DF39851BE5FD690001E12F /* WineryAnnotation.swift */; settings = {ASSET_TAGS = (); }; };
		22DF399E1BE5FDAF0001E12F /* LaunchScreen.storyboard in Resources */ = {isa = PBXBuildFile; fileRef = 22DF39991BE5FDAF0001E12F /* LaunchScreen.storyboard */; settings = {ASSET_TAGS = (); }; };
		22DF399F1BE5FDAF0001E12F /* Main.storyboard in Resources */ = {isa = PBXBuildFile; fileRef = 22DF399A1BE5FDAF0001E12F /* Main.storyboard */; settings = {ASSET_TAGS = (); }; };
		22DF39A11BE5FDAF0001E12F /* AppDelegate.swift in Sources */ = {isa = PBXBuildFile; fileRef = 22DF399D1BE5FDAF0001E12F /* AppDelegate.swift */; settings = {ASSET_TAGS = (); }; };
		22DF39A51BE5FF3F0001E12F /* CorkDistrictEntityCell.swift in Sources */ = {isa = PBXBuildFile; fileRef = 22DF39A21BE5FF3F0001E12F /* CorkDistrictEntityCell.swift */; settings = {ASSET_TAGS = (); }; };
		22DF39A61BE5FF3F0001E12F /* CorkDistrictPackage.swift in Sources */ = {isa = PBXBuildFile; fileRef = 22DF39A31BE5FF3F0001E12F /* CorkDistrictPackage.swift */; settings = {ASSET_TAGS = (); }; };
		22DF39A71BE5FF3F0001E12F /* ImageDetailCell.swift in Sources */ = {isa = PBXBuildFile; fileRef = 22DF39A41BE5FF3F0001E12F /* ImageDetailCell.swift */; settings = {ASSET_TAGS = (); }; };
		22DF39AA1BE6006F0001E12F /* TheCorkDistrict.xcdatamodeld in Sources */ = {isa = PBXBuildFile; fileRef = 22DF39A81BE6006F0001E12F /* TheCorkDistrict.xcdatamodeld */; settings = {ASSET_TAGS = (); }; };
		22DF39AE1BF017830001E12F /* Constants.swift in Sources */ = {isa = PBXBuildFile; fileRef = 22DF39AD1BF017830001E12F /* Constants.swift */; settings = {ASSET_TAGS = (); }; };
		840AEAC11B03DC9400DBB6EF /* (null) in Sources */ = {isa = PBXBuildFile; };
		840AEAC31B04247E00DBB6EF /* (null) in Sources */ = {isa = PBXBuildFile; };
		C141C79E1B03E891007EBFF8 /* App_Icon.png in Resources */ = {isa = PBXBuildFile; fileRef = C141C79D1B03E891007EBFF8 /* App_Icon.png */; };
/* End PBXBuildFile section */

/* Begin PBXContainerItemProxy section */
		2298E0921AB00B7B003CEFFA /* PBXContainerItemProxy */ = {
			isa = PBXContainerItemProxy;
			containerPortal = 2298E0711AB00B7B003CEFFA /* Project object */;
			proxyType = 1;
			remoteGlobalIDString = 2298E0781AB00B7B003CEFFA;
			remoteInfo = TheCorkDistrict;
		};
/* End PBXContainerItemProxy section */

/* Begin PBXFileReference section */
		2298E0791AB00B7B003CEFFA /* Cork District.app */ = {isa = PBXFileReference; explicitFileType = wrapper.application; includeInIndex = 0; path = "Cork District.app"; sourceTree = BUILT_PRODUCTS_DIR; };
		2298E07D1AB00B7B003CEFFA /* Info.plist */ = {isa = PBXFileReference; lastKnownFileType = text.plist.xml; path = Info.plist; sourceTree = "<group>"; };
		2298E0911AB00B7B003CEFFA /* TheCorkDistrictTests.xctest */ = {isa = PBXFileReference; explicitFileType = wrapper.cfbundle; includeInIndex = 0; path = TheCorkDistrictTests.xctest; sourceTree = BUILT_PRODUCTS_DIR; };
		2298E0961AB00B7B003CEFFA /* Info.plist */ = {isa = PBXFileReference; lastKnownFileType = text.plist.xml; path = Info.plist; sourceTree = "<group>"; };
		2298E0971AB00B7B003CEFFA /* TheCorkDistrictTests.swift */ = {isa = PBXFileReference; lastKnownFileType = sourcecode.swift; path = TheCorkDistrictTests.swift; sourceTree = "<group>"; };
		22DF396E1BE5F8940001E12F /* Images.xcassets */ = {isa = PBXFileReference; lastKnownFileType = folder.assetcatalog; path = Images.xcassets; sourceTree = "<group>"; };
		22DF39731BE5FD690001E12F /* CorkDistrictData.swift */ = {isa = PBXFileReference; fileEncoding = 4; lastKnownFileType = sourcecode.swift; name = CorkDistrictData.swift; path = ../CorkDistrictData.swift; sourceTree = "<group>"; };
		22DF39741BE5FD690001E12F /* CorkDistrictEntityViewController.swift */ = {isa = PBXFileReference; fileEncoding = 4; lastKnownFileType = sourcecode.swift; path = CorkDistrictEntityViewController.swift; sourceTree = "<group>"; };
		22DF39751BE5FD690001E12F /* DetailTableViewController.swift */ = {isa = PBXFileReference; fileEncoding = 4; lastKnownFileType = sourcecode.swift; name = DetailTableViewController.swift; path = ../DetailTableViewController.swift; sourceTree = "<group>"; };
		22DF39761BE5FD690001E12F /* MainMenuViewController.swift */ = {isa = PBXFileReference; fileEncoding = 4; lastKnownFileType = sourcecode.swift; name = MainMenuViewController.swift; path = ../MainMenuViewController.swift; sourceTree = "<group>"; };
		22DF39771BE5FD690001E12F /* MapViewController.swift */ = {isa = PBXFileReference; fileEncoding = 4; lastKnownFileType = sourcecode.swift; path = MapViewController.swift; sourceTree = "<group>"; };
		22DF39781BE5FD690001E12F /* RoutingMapViewController.swift */ = {isa = PBXFileReference; fileEncoding = 4; lastKnownFileType = sourcecode.swift; name = RoutingMapViewController.swift; path = ../RoutingMapViewController.swift; sourceTree = "<group>"; };
		22DF39791BE5FD690001E12F /* WineTourTableViewController.swift */ = {isa = PBXFileReference; fileEncoding = 4; lastKnownFileType = sourcecode.swift; name = WineTourTableViewController.swift; path = ../WineTourTableViewController.swift; sourceTree = "<group>"; };
		22DF397A1BE5FD690001E12F /* AccommodationAnnotation.swift */ = {isa = PBXFileReference; fileEncoding = 4; lastKnownFileType = sourcecode.swift; path = AccommodationAnnotation.swift; sourceTree = "<group>"; };
		22DF397B1BE5FD690001E12F /* CorkDistrictAnnotation.swift */ = {isa = PBXFileReference; fileEncoding = 4; lastKnownFileType = sourcecode.swift; path = CorkDistrictAnnotation.swift; sourceTree = "<group>"; };
		22DF397C1BE5FD690001E12F /* CorkDistrictAnnotationView.swift */ = {isa = PBXFileReference; fileEncoding = 4; lastKnownFileType = sourcecode.swift; path = CorkDistrictAnnotationView.swift; sourceTree = "<group>"; };
		22DF397D1BE5FD690001E12F /* CorkDistrictEntity.swift */ = {isa = PBXFileReference; fileEncoding = 4; lastKnownFileType = sourcecode.swift; path = CorkDistrictEntity.swift; sourceTree = "<group>"; };
		22DF397E1BE5FD690001E12F /* DestinationAnnotation.swift */ = {isa = PBXFileReference; fileEncoding = 4; lastKnownFileType = sourcecode.swift; path = DestinationAnnotation.swift; sourceTree = "<group>"; };
		22DF397F1BE5FD690001E12F /* EmbeddedWebViewController.swift */ = {isa = PBXFileReference; fileEncoding = 4; lastKnownFileType = sourcecode.swift; name = EmbeddedWebViewController.swift; path = ../EmbeddedWebViewController.swift; sourceTree = "<group>"; };
		22DF39801BE5FD690001E12F /* EntityCollection.swift */ = {isa = PBXFileReference; fileEncoding = 4; lastKnownFileType = sourcecode.swift; path = EntityCollection.swift; sourceTree = "<group>"; };
		22DF39811BE5FD690001E12F /* PackageCollection.swift */ = {isa = PBXFileReference; fileEncoding = 4; lastKnownFileType = sourcecode.swift; path = PackageCollection.swift; sourceTree = "<group>"; };
		22DF39821BE5FD690001E12F /* ParkingAnnotation.swift */ = {isa = PBXFileReference; fileEncoding = 4; lastKnownFileType = sourcecode.swift; path = ParkingAnnotation.swift; sourceTree = "<group>"; };
		22DF39831BE5FD690001E12F /* RestaurantAnnotation.swift */ = {isa = PBXFileReference; fileEncoding = 4; lastKnownFileType = sourcecode.swift; path = RestaurantAnnotation.swift; sourceTree = "<group>"; };
		22DF39841BE5FD690001E12F /* SwiftyJSON.swift */ = {isa = PBXFileReference; fileEncoding = 4; lastKnownFileType = sourcecode.swift; name = SwiftyJSON.swift; path = ../SwiftyJSON.swift; sourceTree = "<group>"; };
		22DF39851BE5FD690001E12F /* WineryAnnotation.swift */ = {isa = PBXFileReference; fileEncoding = 4; lastKnownFileType = sourcecode.swift; path = WineryAnnotation.swift; sourceTree = "<group>"; };
		22DF39991BE5FDAF0001E12F /* LaunchScreen.storyboard */ = {isa = PBXFileReference; fileEncoding = 4; lastKnownFileType = file.storyboard; path = LaunchScreen.storyboard; sourceTree = "<group>"; };
		22DF399A1BE5FDAF0001E12F /* Main.storyboard */ = {isa = PBXFileReference; fileEncoding = 4; lastKnownFileType = file.storyboard; path = Main.storyboard; sourceTree = "<group>"; };
		22DF399D1BE5FDAF0001E12F /* AppDelegate.swift */ = {isa = PBXFileReference; fileEncoding = 4; lastKnownFileType = sourcecode.swift; path = AppDelegate.swift; sourceTree = "<group>"; };
		22DF39A21BE5FF3F0001E12F /* CorkDistrictEntityCell.swift */ = {isa = PBXFileReference; fileEncoding = 4; lastKnownFileType = sourcecode.swift; path = CorkDistrictEntityCell.swift; sourceTree = "<group>"; };
		22DF39A31BE5FF3F0001E12F /* CorkDistrictPackage.swift */ = {isa = PBXFileReference; fileEncoding = 4; lastKnownFileType = sourcecode.swift; path = CorkDistrictPackage.swift; sourceTree = "<group>"; };
		22DF39A41BE5FF3F0001E12F /* ImageDetailCell.swift */ = {isa = PBXFileReference; fileEncoding = 4; lastKnownFileType = sourcecode.swift; name = ImageDetailCell.swift; path = ../ImageDetailCell.swift; sourceTree = "<group>"; };
		22DF39A91BE6006F0001E12F /* TheCorkDistrict.xcdatamodel */ = {isa = PBXFileReference; lastKnownFileType = wrapper.xcdatamodel; path = TheCorkDistrict.xcdatamodel; sourceTree = "<group>"; };
		22DF39AD1BF017830001E12F /* Constants.swift */ = {isa = PBXFileReference; fileEncoding = 4; lastKnownFileType = sourcecode.swift; path = Constants.swift; sourceTree = "<group>"; };
		C141C79D1B03E891007EBFF8 /* App_Icon.png */ = {isa = PBXFileReference; lastKnownFileType = image.png; path = App_Icon.png; sourceTree = "<group>"; };
/* End PBXFileReference section */

/* Begin PBXFrameworksBuildPhase section */
		2298E0761AB00B7B003CEFFA /* Frameworks */ = {
			isa = PBXFrameworksBuildPhase;
			buildActionMask = 2147483647;
			files = (
			);
			runOnlyForDeploymentPostprocessing = 0;
		};
		2298E08E1AB00B7B003CEFFA /* Frameworks */ = {
			isa = PBXFrameworksBuildPhase;
			buildActionMask = 2147483647;
			files = (
			);
			runOnlyForDeploymentPostprocessing = 0;
		};
/* End PBXFrameworksBuildPhase section */

/* Begin PBXGroup section */
		2298E0701AB00B7B003CEFFA = {
			isa = PBXGroup;
			children = (
				22DF39AD1BF017830001E12F /* Constants.swift */,
				2298E07B1AB00B7B003CEFFA /* TheCorkDistrict */,
				2298E0941AB00B7B003CEFFA /* TheCorkDistrictTests */,
				2298E07A1AB00B7B003CEFFA /* Products */,
			);
			sourceTree = "<group>";
		};
		2298E07A1AB00B7B003CEFFA /* Products */ = {
			isa = PBXGroup;
			children = (
				2298E0791AB00B7B003CEFFA /* Cork District.app */,
				2298E0911AB00B7B003CEFFA /* TheCorkDistrictTests.xctest */,
			);
			name = Products;
			sourceTree = "<group>";
		};
		2298E07B1AB00B7B003CEFFA /* TheCorkDistrict */ = {
			isa = PBXGroup;
			children = (
				22DF399D1BE5FDAF0001E12F /* AppDelegate.swift */,
				22DF39731BE5FD690001E12F /* CorkDistrictData.swift */,
				22DF39751BE5FD690001E12F /* DetailTableViewController.swift */,
				22DF397F1BE5FD690001E12F /* EmbeddedWebViewController.swift */,
				22DF39A41BE5FF3F0001E12F /* ImageDetailCell.swift */,
				22DF39761BE5FD690001E12F /* MainMenuViewController.swift */,
				22DF39781BE5FD690001E12F /* RoutingMapViewController.swift */,
				22DF39841BE5FD690001E12F /* SwiftyJSON.swift */,
				22DF39791BE5FD690001E12F /* WineTourTableViewController.swift */,
				22DF399A1BE5FDAF0001E12F /* Main.storyboard */,
				22DF39991BE5FDAF0001E12F /* LaunchScreen.storyboard */,
				22DF39A81BE6006F0001E12F /* TheCorkDistrict.xcdatamodeld */,
				C141C79D1B03E891007EBFF8 /* App_Icon.png */,
				22DF396E1BE5F8940001E12F /* Images.xcassets */,
				22DF39AB1BE8785C0001E12F /* MapView */,
				22DF39AC1BE8786C0001E12F /* EntityView */,
				2298E07C1AB00B7B003CEFFA /* Supporting Files */,
			);
			path = TheCorkDistrict;
			sourceTree = "<group>";
		};
		2298E07C1AB00B7B003CEFFA /* Supporting Files */ = {
			isa = PBXGroup;
			children = (
				2298E07D1AB00B7B003CEFFA /* Info.plist */,
			);
			name = "Supporting Files";
			sourceTree = "<group>";
		};
		2298E0941AB00B7B003CEFFA /* TheCorkDistrictTests */ = {
			isa = PBXGroup;
			children = (
				2298E0971AB00B7B003CEFFA /* TheCorkDistrictTests.swift */,
				2298E0951AB00B7B003CEFFA /* Supporting Files */,
			);
			path = TheCorkDistrictTests;
			sourceTree = "<group>";
		};
		2298E0951AB00B7B003CEFFA /* Supporting Files */ = {
			isa = PBXGroup;
			children = (
				2298E0961AB00B7B003CEFFA /* Info.plist */,
			);
			name = "Supporting Files";
			sourceTree = "<group>";
		};
		22DF39AB1BE8785C0001E12F /* MapView */ = {
			isa = PBXGroup;
			children = (
				22DF397E1BE5FD690001E12F /* DestinationAnnotation.swift */,
				22DF397A1BE5FD690001E12F /* AccommodationAnnotation.swift */,
				22DF397B1BE5FD690001E12F /* CorkDistrictAnnotation.swift */,
				22DF397C1BE5FD690001E12F /* CorkDistrictAnnotationView.swift */,
				22DF397D1BE5FD690001E12F /* CorkDistrictEntity.swift */,
				22DF39771BE5FD690001E12F /* MapViewController.swift */,
				22DF39821BE5FD690001E12F /* ParkingAnnotation.swift */,
				22DF39831BE5FD690001E12F /* RestaurantAnnotation.swift */,
				22DF39851BE5FD690001E12F /* WineryAnnotation.swift */,
			);
			name = MapView;
			path = ..;
			sourceTree = "<group>";
		};
		22DF39AC1BE8786C0001E12F /* EntityView */ = {
			isa = PBXGroup;
			children = (
				22DF39A21BE5FF3F0001E12F /* CorkDistrictEntityCell.swift */,
				22DF39A31BE5FF3F0001E12F /* CorkDistrictPackage.swift */,
				22DF39741BE5FD690001E12F /* CorkDistrictEntityViewController.swift */,
				22DF39801BE5FD690001E12F /* EntityCollection.swift */,
				22DF39811BE5FD690001E12F /* PackageCollection.swift */,
			);
			name = EntityView;
			path = ..;
			sourceTree = "<group>";
		};
/* End PBXGroup section */

/* Begin PBXNativeTarget section */
		2298E0781AB00B7B003CEFFA /* TheCorkDistrict */ = {
			isa = PBXNativeTarget;
			buildConfigurationList = 2298E09B1AB00B7B003CEFFA /* Build configuration list for PBXNativeTarget "TheCorkDistrict" */;
			buildPhases = (
				2298E0751AB00B7B003CEFFA /* Sources */,
				2298E0761AB00B7B003CEFFA /* Frameworks */,
				2298E0771AB00B7B003CEFFA /* Resources */,
			);
			buildRules = (
			);
			dependencies = (
			);
			name = TheCorkDistrict;
			productName = TheCorkDistrict;
			productReference = 2298E0791AB00B7B003CEFFA /* Cork District.app */;
			productType = "com.apple.product-type.application";
		};
		2298E0901AB00B7B003CEFFA /* TheCorkDistrictTests */ = {
			isa = PBXNativeTarget;
			buildConfigurationList = 2298E09E1AB00B7B003CEFFA /* Build configuration list for PBXNativeTarget "TheCorkDistrictTests" */;
			buildPhases = (
				2298E08D1AB00B7B003CEFFA /* Sources */,
				2298E08E1AB00B7B003CEFFA /* Frameworks */,
				2298E08F1AB00B7B003CEFFA /* Resources */,
			);
			buildRules = (
			);
			dependencies = (
				2298E0931AB00B7B003CEFFA /* PBXTargetDependency */,
			);
			name = TheCorkDistrictTests;
			productName = TheCorkDistrictTests;
			productReference = 2298E0911AB00B7B003CEFFA /* TheCorkDistrictTests.xctest */;
			productType = "com.apple.product-type.bundle.unit-test";
		};
/* End PBXNativeTarget section */

/* Begin PBXProject section */
		2298E0711AB00B7B003CEFFA /* Project object */ = {
			isa = PBXProject;
			attributes = {
				LastSwiftUpdateCheck = 0700;
				LastUpgradeCheck = 0700;
				ORGANIZATIONNAME = "Chris Larkin";
				TargetAttributes = {
					2298E0781AB00B7B003CEFFA = {
						CreatedOnToolsVersion = 6.1.1;
						DevelopmentTeam = 3CJJ2BJKAF;
					};
					2298E0901AB00B7B003CEFFA = {
						CreatedOnToolsVersion = 6.1.1;
						TestTargetID = 2298E0781AB00B7B003CEFFA;
					};
				};
			};
			buildConfigurationList = 2298E0741AB00B7B003CEFFA /* Build configuration list for PBXProject "TheCorkDistrict" */;
			compatibilityVersion = "Xcode 3.2";
			developmentRegion = English;
			hasScannedForEncodings = 0;
			knownRegions = (
				en,
				Base,
			);
			mainGroup = 2298E0701AB00B7B003CEFFA;
			productRefGroup = 2298E07A1AB00B7B003CEFFA /* Products */;
			projectDirPath = "";
			projectRoot = "";
			targets = (
				2298E0781AB00B7B003CEFFA /* TheCorkDistrict */,
				2298E0901AB00B7B003CEFFA /* TheCorkDistrictTests */,
			);
		};
/* End PBXProject section */

/* Begin PBXResourcesBuildPhase section */
		2298E0771AB00B7B003CEFFA /* Resources */ = {
			isa = PBXResourcesBuildPhase;
			buildActionMask = 2147483647;
			files = (
				22DF399E1BE5FDAF0001E12F /* LaunchScreen.storyboard in Resources */,
				C141C79E1B03E891007EBFF8 /* App_Icon.png in Resources */,
				22DF396F1BE5F8940001E12F /* Images.xcassets in Resources */,
				22DF399F1BE5FDAF0001E12F /* Main.storyboard in Resources */,
			);
			runOnlyForDeploymentPostprocessing = 0;
		};
		2298E08F1AB00B7B003CEFFA /* Resources */ = {
			isa = PBXResourcesBuildPhase;
			buildActionMask = 2147483647;
			files = (
			);
			runOnlyForDeploymentPostprocessing = 0;
		};
/* End PBXResourcesBuildPhase section */

/* Begin PBXSourcesBuildPhase section */
		2298E0751AB00B7B003CEFFA /* Sources */ = {
			isa = PBXSourcesBuildPhase;
			buildActionMask = 2147483647;
			files = (
				22DF39891BE5FD690001E12F /* MainMenuViewController.swift in Sources */,
				22DF39A51BE5FF3F0001E12F /* CorkDistrictEntityCell.swift in Sources */,
				22DF39941BE5FD690001E12F /* PackageCollection.swift in Sources */,
				22DF39881BE5FD690001E12F /* DetailTableViewController.swift in Sources */,
				22DF39971BE5FD690001E12F /* SwiftyJSON.swift in Sources */,
				22DF39901BE5FD690001E12F /* CorkDistrictEntity.swift in Sources */,
				22DF39911BE5FD690001E12F /* DestinationAnnotation.swift in Sources */,
				22DF398F1BE5FD690001E12F /* CorkDistrictAnnotationView.swift in Sources */,
				22DF398E1BE5FD690001E12F /* CorkDistrictAnnotation.swift in Sources */,
				840AEAC31B04247E00DBB6EF /* (null) in Sources */,
				22DF398A1BE5FD690001E12F /* MapViewController.swift in Sources */,
				22DF39AA1BE6006F0001E12F /* TheCorkDistrict.xcdatamodeld in Sources */,
				840AEAC11B03DC9400DBB6EF /* (null) in Sources */,
				22DF39A11BE5FDAF0001E12F /* AppDelegate.swift in Sources */,
				22DF39931BE5FD690001E12F /* EntityCollection.swift in Sources */,
				22DF39921BE5FD690001E12F /* EmbeddedWebViewController.swift in Sources */,
				22DF39961BE5FD690001E12F /* RestaurantAnnotation.swift in Sources */,
				22DF39981BE5FD690001E12F /* WineryAnnotation.swift in Sources */,
				22DF39A71BE5FF3F0001E12F /* ImageDetailCell.swift in Sources */,
				22DF398C1BE5FD690001E12F /* WineTourTableViewController.swift in Sources */,
				22DF39A61BE5FF3F0001E12F /* CorkDistrictPackage.swift in Sources */,
				22DF398B1BE5FD690001E12F /* RoutingMapViewController.swift in Sources */,
				22DF39861BE5FD690001E12F /* CorkDistrictData.swift in Sources */,
				22DF398D1BE5FD690001E12F /* AccommodationAnnotation.swift in Sources */,
				22DF39951BE5FD690001E12F /* ParkingAnnotation.swift in Sources */,
				22DF39871BE5FD690001E12F /* CorkDistrictEntityViewController.swift in Sources */,
				22DF39AE1BF017830001E12F /* Constants.swift in Sources */,
			);
			runOnlyForDeploymentPostprocessing = 0;
		};
		2298E08D1AB00B7B003CEFFA /* Sources */ = {
			isa = PBXSourcesBuildPhase;
			buildActionMask = 2147483647;
			files = (
				2298E0981AB00B7B003CEFFA /* TheCorkDistrictTests.swift in Sources */,
			);
			runOnlyForDeploymentPostprocessing = 0;
		};
/* End PBXSourcesBuildPhase section */

/* Begin PBXTargetDependency section */
		2298E0931AB00B7B003CEFFA /* PBXTargetDependency */ = {
			isa = PBXTargetDependency;
			target = 2298E0781AB00B7B003CEFFA /* TheCorkDistrict */;
			targetProxy = 2298E0921AB00B7B003CEFFA /* PBXContainerItemProxy */;
		};
/* End PBXTargetDependency section */

/* Begin XCBuildConfiguration section */
		2298E0991AB00B7B003CEFFA /* Debug */ = {
			isa = XCBuildConfiguration;
			buildSettings = {
				ALWAYS_SEARCH_USER_PATHS = NO;
				CLANG_CXX_LANGUAGE_STANDARD = "gnu++0x";
				CLANG_CXX_LIBRARY = "libc++";
				CLANG_ENABLE_MODULES = YES;
				CLANG_ENABLE_OBJC_ARC = YES;
				CLANG_WARN_BOOL_CONVERSION = YES;
				CLANG_WARN_CONSTANT_CONVERSION = YES;
				CLANG_WARN_DIRECT_OBJC_ISA_USAGE = YES_ERROR;
				CLANG_WARN_EMPTY_BODY = YES;
				CLANG_WARN_ENUM_CONVERSION = YES;
				CLANG_WARN_INT_CONVERSION = YES;
				CLANG_WARN_OBJC_ROOT_CLASS = YES_ERROR;
				CLANG_WARN_UNREACHABLE_CODE = YES;
				CLANG_WARN__DUPLICATE_METHOD_MATCH = YES;
				"CODE_SIGN_IDENTITY[sdk=iphoneos*]" = "iPhone Developer";
				COPY_PHASE_STRIP = NO;
				ENABLE_STRICT_OBJC_MSGSEND = YES;
				ENABLE_TESTABILITY = YES;
				GCC_C_LANGUAGE_STANDARD = gnu99;
				GCC_DYNAMIC_NO_PIC = NO;
				GCC_OPTIMIZATION_LEVEL = 0;
				GCC_PREPROCESSOR_DEFINITIONS = (
					"DEBUG=1",
					"$(inherited)",
				);
				GCC_SYMBOLS_PRIVATE_EXTERN = NO;
				GCC_WARN_64_TO_32_BIT_CONVERSION = YES;
				GCC_WARN_ABOUT_RETURN_TYPE = YES_ERROR;
				GCC_WARN_UNDECLARED_SELECTOR = YES;
				GCC_WARN_UNINITIALIZED_AUTOS = YES_AGGRESSIVE;
				GCC_WARN_UNUSED_FUNCTION = YES;
				GCC_WARN_UNUSED_VARIABLE = YES;
				IPHONEOS_DEPLOYMENT_TARGET = 9.0;
				MTL_ENABLE_DEBUG_INFO = YES;
				ONLY_ACTIVE_ARCH = YES;
				SDKROOT = iphoneos;
				SWIFT_OPTIMIZATION_LEVEL = "-Onone";
			};
			name = Debug;
		};
		2298E09A1AB00B7B003CEFFA /* Release */ = {
			isa = XCBuildConfiguration;
			buildSettings = {
				ALWAYS_SEARCH_USER_PATHS = NO;
				CLANG_CXX_LANGUAGE_STANDARD = "gnu++0x";
				CLANG_CXX_LIBRARY = "libc++";
				CLANG_ENABLE_MODULES = YES;
				CLANG_ENABLE_OBJC_ARC = YES;
				CLANG_WARN_BOOL_CONVERSION = YES;
				CLANG_WARN_CONSTANT_CONVERSION = YES;
				CLANG_WARN_DIRECT_OBJC_ISA_USAGE = YES_ERROR;
				CLANG_WARN_EMPTY_BODY = YES;
				CLANG_WARN_ENUM_CONVERSION = YES;
				CLANG_WARN_INT_CONVERSION = YES;
				CLANG_WARN_OBJC_ROOT_CLASS = YES_ERROR;
				CLANG_WARN_UNREACHABLE_CODE = YES;
				CLANG_WARN__DUPLICATE_METHOD_MATCH = YES;
				"CODE_SIGN_IDENTITY[sdk=iphoneos*]" = "iPhone Developer";
				COPY_PHASE_STRIP = YES;
				ENABLE_NS_ASSERTIONS = NO;
				ENABLE_STRICT_OBJC_MSGSEND = YES;
				GCC_C_LANGUAGE_STANDARD = gnu99;
				GCC_WARN_64_TO_32_BIT_CONVERSION = YES;
				GCC_WARN_ABOUT_RETURN_TYPE = YES_ERROR;
				GCC_WARN_UNDECLARED_SELECTOR = YES;
				GCC_WARN_UNINITIALIZED_AUTOS = YES_AGGRESSIVE;
				GCC_WARN_UNUSED_FUNCTION = YES;
				GCC_WARN_UNUSED_VARIABLE = YES;
				IPHONEOS_DEPLOYMENT_TARGET = 9.0;
				MTL_ENABLE_DEBUG_INFO = NO;
				ONLY_ACTIVE_ARCH = YES;
				SDKROOT = iphoneos;
				VALIDATE_PRODUCT = YES;
			};
			name = Release;
		};
		2298E09C1AB00B7B003CEFFA /* Debug */ = {
			isa = XCBuildConfiguration;
			buildSettings = {
				ASSETCATALOG_COMPILER_APPICON_NAME = AppIcon;
				ASSETCATALOG_COMPILER_LAUNCHIMAGE_NAME = LaunchImage;
				CODE_SIGN_IDENTITY = "iPhone Developer";
				"CODE_SIGN_IDENTITY[sdk=iphoneos*]" = "iPhone Developer";
				INFOPLIST_FILE = TheCorkDistrict/Info.plist;
				IPHONEOS_DEPLOYMENT_TARGET = 8.2;
				LD_RUNPATH_SEARCH_PATHS = "$(inherited) @executable_path/Frameworks";
				ONLY_ACTIVE_ARCH = YES;
				PRODUCT_BUNDLE_IDENTIFIER = com.version2.corkapp;
				PRODUCT_NAME = "Cork District";
				PROVISIONING_PROFILE = "";
				TARGETED_DEVICE_FAMILY = 1;
			};
			name = Debug;
		};
		2298E09D1AB00B7B003CEFFA /* Release */ = {
			isa = XCBuildConfiguration;
			buildSettings = {
				ASSETCATALOG_COMPILER_APPICON_NAME = AppIcon;
				ASSETCATALOG_COMPILER_LAUNCHIMAGE_NAME = LaunchImage;
				CODE_SIGN_IDENTITY = "iPhone Developer";
				"CODE_SIGN_IDENTITY[sdk=iphoneos*]" = "iPhone Developer";
				INFOPLIST_FILE = TheCorkDistrict/Info.plist;
				IPHONEOS_DEPLOYMENT_TARGET = 8.2;
				LD_RUNPATH_SEARCH_PATHS = "$(inherited) @executable_path/Frameworks";
				ONLY_ACTIVE_ARCH = YES;
				PRODUCT_BUNDLE_IDENTIFIER = com.version2.corkapp;
				PRODUCT_NAME = "Cork District";
				PROVISIONING_PROFILE = "";
				TARGETED_DEVICE_FAMILY = 1;
			};
			name = Release;
		};
		2298E09F1AB00B7B003CEFFA /* Debug */ = {
			isa = XCBuildConfiguration;
			buildSettings = {
				BUNDLE_LOADER = "$(TEST_HOST)";
				FRAMEWORK_SEARCH_PATHS = (
					"$(SDKROOT)/Developer/Library/Frameworks",
					"$(inherited)",
				);
				GCC_PREPROCESSOR_DEFINITIONS = (
					"DEBUG=1",
					"$(inherited)",
				);
				INFOPLIST_FILE = TheCorkDistrictTests/Info.plist;
				LD_RUNPATH_SEARCH_PATHS = "$(inherited) @executable_path/Frameworks @loader_path/Frameworks";
				PRODUCT_BUNDLE_IDENTIFIER = "CSCD488.$(PRODUCT_NAME:rfc1034identifier)";
				PRODUCT_NAME = "$(TARGET_NAME)";
				TEST_HOST = "$(BUILT_PRODUCTS_DIR)/TheCorkDistrict.app/TheCorkDistrict";
			};
			name = Debug;
		};
		2298E0A01AB00B7B003CEFFA /* Release */ = {
			isa = XCBuildConfiguration;
			buildSettings = {
				BUNDLE_LOADER = "$(TEST_HOST)";
				FRAMEWORK_SEARCH_PATHS = (
					"$(SDKROOT)/Developer/Library/Frameworks",
					"$(inherited)",
				);
				INFOPLIST_FILE = TheCorkDistrictTests/Info.plist;
				LD_RUNPATH_SEARCH_PATHS = "$(inherited) @executable_path/Frameworks @loader_path/Frameworks";
				PRODUCT_BUNDLE_IDENTIFIER = "CSCD488.$(PRODUCT_NAME:rfc1034identifier)";
				PRODUCT_NAME = "$(TARGET_NAME)";
				TEST_HOST = "$(BUILT_PRODUCTS_DIR)/TheCorkDistrict.app/TheCorkDistrict";
			};
			name = Release;
		};
/* End XCBuildConfiguration section */

/* Begin XCConfigurationList section */
		2298E0741AB00B7B003CEFFA /* Build configuration list for PBXProject "TheCorkDistrict" */ = {
			isa = XCConfigurationList;
			buildConfigurations = (
				2298E0991AB00B7B003CEFFA /* Debug */,
				2298E09A1AB00B7B003CEFFA /* Release */,
			);
			defaultConfigurationIsVisible = 0;
			defaultConfigurationName = Release;
		};
		2298E09B1AB00B7B003CEFFA /* Build configuration list for PBXNativeTarget "TheCorkDistrict" */ = {
			isa = XCConfigurationList;
			buildConfigurations = (
				2298E09C1AB00B7B003CEFFA /* Debug */,
				2298E09D1AB00B7B003CEFFA /* Release */,
			);
			defaultConfigurationIsVisible = 0;
			defaultConfigurationName = Release;
		};
		2298E09E1AB00B7B003CEFFA /* Build configuration list for PBXNativeTarget "TheCorkDistrictTests" */ = {
			isa = XCConfigurationList;
			buildConfigurations = (
				2298E09F1AB00B7B003CEFFA /* Debug */,
				2298E0A01AB00B7B003CEFFA /* Release */,
			);
			defaultConfigurationIsVisible = 0;
			defaultConfigurationName = Release;
		};
/* End XCConfigurationList section */

/* Begin XCVersionGroup section */
		22DF39A81BE6006F0001E12F /* TheCorkDistrict.xcdatamodeld */ = {
			isa = XCVersionGroup;
			children = (
				22DF39A91BE6006F0001E12F /* TheCorkDistrict.xcdatamodel */,
			);
			currentVersion = 22DF39A91BE6006F0001E12F /* TheCorkDistrict.xcdatamodel */;
			path = TheCorkDistrict.xcdatamodeld;
			sourceTree = "<group>";
			versionGroupType = wrapper.xcdatamodel;
		};
/* End XCVersionGroup section */
	};
	rootObject = 2298E0711AB00B7B003CEFFA /* Project object */;
}
