// !$*UTF8*$!
{
	archiveVersion = 1;
	classes = {
	};
	objectVersion = 46;
	objects = {

/* Begin PBXBuildFile section */
		221346EB1AD92A3F009633DB /* UIViewExtensions.swift in Sources */ = {isa = PBXBuildFile; fileRef = 221346EA1AD92A3F009633DB /* UIViewExtensions.swift */; };
		221346EF1AD92B31009633DB /* Timer.swift in Sources */ = {isa = PBXBuildFile; fileRef = 221346EE1AD92B31009633DB /* Timer.swift */; };
		221D72871ACA8F87005C26EB /* ParkingViewController.swift in Sources */ = {isa = PBXBuildFile; fileRef = 221D72861ACA8F87005C26EB /* ParkingViewController.swift */; };
		225A2DF91AF619B700D072C2 /* CorkDistrictEntity.swift in Sources */ = {isa = PBXBuildFile; fileRef = 225A2DF81AF619B700D072C2 /* CorkDistrictEntity.swift */; };
		225A2DFB1AF6D06600D072C2 /* EntityCell.swift in Sources */ = {isa = PBXBuildFile; fileRef = 225A2DFA1AF6D06600D072C2 /* EntityCell.swift */; };
		225A2DFD1AF6D1FE00D072C2 /* ParkingCell.swift in Sources */ = {isa = PBXBuildFile; fileRef = 225A2DFC1AF6D1FE00D072C2 /* ParkingCell.swift */; };
		225A2DFF1AF6D35600D072C2 /* PackageCell.swift in Sources */ = {isa = PBXBuildFile; fileRef = 225A2DFE1AF6D35600D072C2 /* PackageCell.swift */; };
		225E43E91B02EB55001DE744 /* AlaskaWinePassViewController.swift in Sources */ = {isa = PBXBuildFile; fileRef = 225E43E81B02EB55001DE744 /* AlaskaWinePassViewController.swift */; };
		2281672C1AE20CFE00CCC9DF /* LoadViewController.swift in Sources */ = {isa = PBXBuildFile; fileRef = 2281672A1AE20CFE00CCC9DF /* LoadViewController.swift */; };
		2281672D1AE20CFE00CCC9DF /* LoadViewController.xib in Resources */ = {isa = PBXBuildFile; fileRef = 2281672B1AE20CFE00CCC9DF /* LoadViewController.xib */; };
		2298E07F1AB00B7B003CEFFA /* AppDelegate.swift in Sources */ = {isa = PBXBuildFile; fileRef = 2298E07E1AB00B7B003CEFFA /* AppDelegate.swift */; };
		2298E0821AB00B7B003CEFFA /* TheCorkDistrict.xcdatamodeld in Sources */ = {isa = PBXBuildFile; fileRef = 2298E0801AB00B7B003CEFFA /* TheCorkDistrict.xcdatamodeld */; };
		2298E0841AB00B7B003CEFFA /* ViewController.swift in Sources */ = {isa = PBXBuildFile; fileRef = 2298E0831AB00B7B003CEFFA /* ViewController.swift */; };
		2298E0871AB00B7B003CEFFA /* Main.storyboard in Resources */ = {isa = PBXBuildFile; fileRef = 2298E0851AB00B7B003CEFFA /* Main.storyboard */; };
		2298E0891AB00B7B003CEFFA /* Images.xcassets in Resources */ = {isa = PBXBuildFile; fileRef = 2298E0881AB00B7B003CEFFA /* Images.xcassets */; };
		2298E08C1AB00B7B003CEFFA /* LaunchScreen.xib in Resources */ = {isa = PBXBuildFile; fileRef = 2298E08A1AB00B7B003CEFFA /* LaunchScreen.xib */; };
		2298E0981AB00B7B003CEFFA /* TheCorkDistrictTests.swift in Sources */ = {isa = PBXBuildFile; fileRef = 2298E0971AB00B7B003CEFFA /* TheCorkDistrictTests.swift */; };
		2298E0A21AB010FF003CEFFA /* WineriesViewController.swift in Sources */ = {isa = PBXBuildFile; fileRef = 2298E0A11AB010FF003CEFFA /* WineriesViewController.swift */; };
		2298E0A41AB01188003CEFFA /* DataManager.swift in Sources */ = {isa = PBXBuildFile; fileRef = 2298E0A31AB01188003CEFFA /* DataManager.swift */; };
		2298E0A61AB011B5003CEFFA /* RestaurantsViewController.swift in Sources */ = {isa = PBXBuildFile; fileRef = 2298E0A51AB011B5003CEFFA /* RestaurantsViewController.swift */; };
		2298E0A81AB011CB003CEFFA /* AccommodationsViewController.swift in Sources */ = {isa = PBXBuildFile; fileRef = 2298E0A71AB011CB003CEFFA /* AccommodationsViewController.swift */; };
		2298E0AA1AB011EA003CEFFA /* PackagesViewController.swift in Sources */ = {isa = PBXBuildFile; fileRef = 2298E0A91AB011EA003CEFFA /* PackagesViewController.swift */; };
		2298E0AE1AB01902003CEFFA /* DetailViewController.swift in Sources */ = {isa = PBXBuildFile; fileRef = 2298E0AD1AB01902003CEFFA /* DetailViewController.swift */; };
		2298E0B81AB01D91003CEFFA /* MapViewController.swift in Sources */ = {isa = PBXBuildFile; fileRef = 2298E0B71AB01D91003CEFFA /* MapViewController.swift */; };
		2298E0BA1AB01E53003CEFFA /* WineToursViewController.swift in Sources */ = {isa = PBXBuildFile; fileRef = 2298E0B91AB01E53003CEFFA /* WineToursViewController.swift */; };
		22A85A0A1AB18B2000B45713 /* SwiftyJSON.swift in Sources */ = {isa = PBXBuildFile; fileRef = 22A85A091AB18B2000B45713 /* SwiftyJSON.swift */; };
		22F9FCAE1B05CA5500CA43B7 /* WineTourCell.swift in Sources */ = {isa = PBXBuildFile; fileRef = 22F9FCAD1B05CA5500CA43B7 /* WineTourCell.swift */; };
		840AEAC11B03DC9400DBB6EF /* (null) in Sources */ = {isa = PBXBuildFile; };
		840AEAC31B04247E00DBB6EF /* (null) in Sources */ = {isa = PBXBuildFile; };
		84E875691AE4A42700BDF4A0 /* MapUtilities.swift in Sources */ = {isa = PBXBuildFile; fileRef = 84E875681AE4A42700BDF4A0 /* MapUtilities.swift */; };
		C124D0511B0D35C6004CAF23 /* RouteMapViewController.swift in Sources */ = {isa = PBXBuildFile; fileRef = C124D0501B0D35C6004CAF23 /* RouteMapViewController.swift */; };
		C124D0551B0D3BE6004CAF23 /* TourMapViewController.swift in Sources */ = {isa = PBXBuildFile; fileRef = C124D0541B0D3BE6004CAF23 /* TourMapViewController.swift */; };
		C141C79E1B03E891007EBFF8 /* App_Icon.png in Resources */ = {isa = PBXBuildFile; fileRef = C141C79D1B03E891007EBFF8 /* App_Icon.png */; };
/* End PBXBuildFile section */

/* Begin PBXContainerItemProxy section */
		2298E0921AB00B7B003CEFFA /* PBXContainerItemProxy */ = {
			isa = PBXContainerItemProxy;
			containerPortal = 2298E0711AB00B7B003CEFFA /* Project object */;
			proxyType = 1;
			remoteGlobalIDString = 2298E0781AB00B7B003CEFFA;
			remoteInfo = TheCorkDistrict;
		};
/* End PBXContainerItemProxy section */

/* Begin PBXFileReference section */
		221346EA1AD92A3F009633DB /* UIViewExtensions.swift */ = {isa = PBXFileReference; fileEncoding = 4; lastKnownFileType = sourcecode.swift; name = UIViewExtensions.swift; path = ../UIViewExtensions.swift; sourceTree = "<group>"; };
		221346EE1AD92B31009633DB /* Timer.swift */ = {isa = PBXFileReference; fileEncoding = 4; lastKnownFileType = sourcecode.swift; name = Timer.swift; path = ../Timer.swift; sourceTree = "<group>"; };
		221D72861ACA8F87005C26EB /* ParkingViewController.swift */ = {isa = PBXFileReference; fileEncoding = 4; lastKnownFileType = sourcecode.swift; name = ParkingViewController.swift; path = ../ParkingViewController.swift; sourceTree = "<group>"; };
		225A2DF81AF619B700D072C2 /* CorkDistrictEntity.swift */ = {isa = PBXFileReference; fileEncoding = 4; lastKnownFileType = sourcecode.swift; name = CorkDistrictEntity.swift; path = ../CorkDistrictEntity.swift; sourceTree = "<group>"; };
		225A2DFA1AF6D06600D072C2 /* EntityCell.swift */ = {isa = PBXFileReference; fileEncoding = 4; lastKnownFileType = sourcecode.swift; name = EntityCell.swift; path = ../EntityCell.swift; sourceTree = "<group>"; };
		225A2DFC1AF6D1FE00D072C2 /* ParkingCell.swift */ = {isa = PBXFileReference; fileEncoding = 4; lastKnownFileType = sourcecode.swift; name = ParkingCell.swift; path = ../ParkingCell.swift; sourceTree = "<group>"; };
		225A2DFE1AF6D35600D072C2 /* PackageCell.swift */ = {isa = PBXFileReference; fileEncoding = 4; lastKnownFileType = sourcecode.swift; name = PackageCell.swift; path = ../PackageCell.swift; sourceTree = "<group>"; };
		225E43E81B02EB55001DE744 /* AlaskaWinePassViewController.swift */ = {isa = PBXFileReference; fileEncoding = 4; lastKnownFileType = sourcecode.swift; name = AlaskaWinePassViewController.swift; path = ../AlaskaWinePassViewController.swift; sourceTree = "<group>"; };
		2281672A1AE20CFE00CCC9DF /* LoadViewController.swift */ = {isa = PBXFileReference; fileEncoding = 4; lastKnownFileType = sourcecode.swift; name = LoadViewController.swift; path = ../LoadViewController.swift; sourceTree = "<group>"; };
		2281672B1AE20CFE00CCC9DF /* LoadViewController.xib */ = {isa = PBXFileReference; fileEncoding = 4; lastKnownFileType = file.xib; name = LoadViewController.xib; path = ../LoadViewController.xib; sourceTree = "<group>"; };
		2298E0791AB00B7B003CEFFA /* Cork District.app */ = {isa = PBXFileReference; explicitFileType = wrapper.application; includeInIndex = 0; path = "Cork District.app"; sourceTree = BUILT_PRODUCTS_DIR; };
		2298E07D1AB00B7B003CEFFA /* Info.plist */ = {isa = PBXFileReference; lastKnownFileType = text.plist.xml; path = Info.plist; sourceTree = "<group>"; };
		2298E07E1AB00B7B003CEFFA /* AppDelegate.swift */ = {isa = PBXFileReference; lastKnownFileType = sourcecode.swift; path = AppDelegate.swift; sourceTree = "<group>"; };
		2298E0811AB00B7B003CEFFA /* TheCorkDistrict.xcdatamodel */ = {isa = PBXFileReference; lastKnownFileType = wrapper.xcdatamodel; path = TheCorkDistrict.xcdatamodel; sourceTree = "<group>"; };
		2298E0831AB00B7B003CEFFA /* ViewController.swift */ = {isa = PBXFileReference; lastKnownFileType = sourcecode.swift; path = ViewController.swift; sourceTree = "<group>"; };
		2298E0861AB00B7B003CEFFA /* Base */ = {isa = PBXFileReference; lastKnownFileType = file.storyboard; name = Base; path = Base.lproj/Main.storyboard; sourceTree = "<group>"; };
		2298E0881AB00B7B003CEFFA /* Images.xcassets */ = {isa = PBXFileReference; lastKnownFileType = folder.assetcatalog; path = Images.xcassets; sourceTree = "<group>"; };
		2298E08B1AB00B7B003CEFFA /* Base */ = {isa = PBXFileReference; lastKnownFileType = file.xib; name = Base; path = Base.lproj/LaunchScreen.xib; sourceTree = "<group>"; };
		2298E0911AB00B7B003CEFFA /* TheCorkDistrictTests.xctest */ = {isa = PBXFileReference; explicitFileType = wrapper.cfbundle; includeInIndex = 0; path = TheCorkDistrictTests.xctest; sourceTree = BUILT_PRODUCTS_DIR; };
		2298E0961AB00B7B003CEFFA /* Info.plist */ = {isa = PBXFileReference; lastKnownFileType = text.plist.xml; path = Info.plist; sourceTree = "<group>"; };
		2298E0971AB00B7B003CEFFA /* TheCorkDistrictTests.swift */ = {isa = PBXFileReference; lastKnownFileType = sourcecode.swift; path = TheCorkDistrictTests.swift; sourceTree = "<group>"; };
		2298E0A11AB010FF003CEFFA /* WineriesViewController.swift */ = {isa = PBXFileReference; fileEncoding = 4; lastKnownFileType = sourcecode.swift; name = WineriesViewController.swift; path = ../WineriesViewController.swift; sourceTree = "<group>"; };
		2298E0A31AB01188003CEFFA /* DataManager.swift */ = {isa = PBXFileReference; fileEncoding = 4; lastKnownFileType = sourcecode.swift; name = DataManager.swift; path = ../DataManager.swift; sourceTree = "<group>"; };
		2298E0A51AB011B5003CEFFA /* RestaurantsViewController.swift */ = {isa = PBXFileReference; fileEncoding = 4; lastKnownFileType = sourcecode.swift; name = RestaurantsViewController.swift; path = ../RestaurantsViewController.swift; sourceTree = "<group>"; };
		2298E0A71AB011CB003CEFFA /* AccommodationsViewController.swift */ = {isa = PBXFileReference; fileEncoding = 4; lastKnownFileType = sourcecode.swift; name = AccommodationsViewController.swift; path = ../AccommodationsViewController.swift; sourceTree = "<group>"; };
		2298E0A91AB011EA003CEFFA /* PackagesViewController.swift */ = {isa = PBXFileReference; fileEncoding = 4; lastKnownFileType = sourcecode.swift; name = PackagesViewController.swift; path = ../PackagesViewController.swift; sourceTree = "<group>"; };
		2298E0AD1AB01902003CEFFA /* DetailViewController.swift */ = {isa = PBXFileReference; fileEncoding = 4; lastKnownFileType = sourcecode.swift; name = DetailViewController.swift; path = ../DetailViewController.swift; sourceTree = "<group>"; };
		2298E0B71AB01D91003CEFFA /* MapViewController.swift */ = {isa = PBXFileReference; fileEncoding = 4; lastKnownFileType = sourcecode.swift; name = MapViewController.swift; path = ../MapViewController.swift; sourceTree = "<group>"; };
		2298E0B91AB01E53003CEFFA /* WineToursViewController.swift */ = {isa = PBXFileReference; fileEncoding = 4; lastKnownFileType = sourcecode.swift; name = WineToursViewController.swift; path = ../WineToursViewController.swift; sourceTree = "<group>"; };
		22A85A091AB18B2000B45713 /* SwiftyJSON.swift */ = {isa = PBXFileReference; fileEncoding = 4; lastKnownFileType = sourcecode.swift; name = SwiftyJSON.swift; path = ../SwiftyJSON.swift; sourceTree = "<group>"; };
		22F9FCAD1B05CA5500CA43B7 /* WineTourCell.swift */ = {isa = PBXFileReference; fileEncoding = 4; lastKnownFileType = sourcecode.swift; name = WineTourCell.swift; path = ../WineTourCell.swift; sourceTree = "<group>"; };
		84E875681AE4A42700BDF4A0 /* MapUtilities.swift */ = {isa = PBXFileReference; fileEncoding = 4; lastKnownFileType = sourcecode.swift; path = MapUtilities.swift; sourceTree = "<group>"; };
		C124D0501B0D35C6004CAF23 /* RouteMapViewController.swift */ = {isa = PBXFileReference; fileEncoding = 4; lastKnownFileType = sourcecode.swift; path = RouteMapViewController.swift; sourceTree = "<group>"; };
		C124D0541B0D3BE6004CAF23 /* TourMapViewController.swift */ = {isa = PBXFileReference; fileEncoding = 4; lastKnownFileType = sourcecode.swift; path = TourMapViewController.swift; sourceTree = "<group>"; };
		C141C79D1B03E891007EBFF8 /* App_Icon.png */ = {isa = PBXFileReference; lastKnownFileType = image.png; path = App_Icon.png; sourceTree = "<group>"; };
/* End PBXFileReference section */

/* Begin PBXFrameworksBuildPhase section */
		2298E0761AB00B7B003CEFFA /* Frameworks */ = {
			isa = PBXFrameworksBuildPhase;
			buildActionMask = 2147483647;
			files = (
			);
			runOnlyForDeploymentPostprocessing = 0;
		};
		2298E08E1AB00B7B003CEFFA /* Frameworks */ = {
			isa = PBXFrameworksBuildPhase;
			buildActionMask = 2147483647;
			files = (
			);
			runOnlyForDeploymentPostprocessing = 0;
		};
/* End PBXFrameworksBuildPhase section */

/* Begin PBXGroup section */
		2298E0701AB00B7B003CEFFA = {
			isa = PBXGroup;
			children = (
				2298E07B1AB00B7B003CEFFA /* TheCorkDistrict */,
				2298E0941AB00B7B003CEFFA /* TheCorkDistrictTests */,
				2298E07A1AB00B7B003CEFFA /* Products */,
			);
			sourceTree = "<group>";
		};
		2298E07A1AB00B7B003CEFFA /* Products */ = {
			isa = PBXGroup;
			children = (
				2298E0791AB00B7B003CEFFA /* Cork District.app */,
				2298E0911AB00B7B003CEFFA /* TheCorkDistrictTests.xctest */,
			);
			name = Products;
			sourceTree = "<group>";
		};
		2298E07B1AB00B7B003CEFFA /* TheCorkDistrict */ = {
			isa = PBXGroup;
			children = (
				2298E07E1AB00B7B003CEFFA /* AppDelegate.swift */,
				2298E0831AB00B7B003CEFFA /* ViewController.swift */,
				2298E0A31AB01188003CEFFA /* DataManager.swift */,
				2298E0851AB00B7B003CEFFA /* Main.storyboard */,
				2298E0881AB00B7B003CEFFA /* Images.xcassets */,
				C141C79D1B03E891007EBFF8 /* App_Icon.png */,
				2298E08A1AB00B7B003CEFFA /* LaunchScreen.xib */,
				2281672B1AE20CFE00CCC9DF /* LoadViewController.xib */,
				2281672A1AE20CFE00CCC9DF /* LoadViewController.swift */,
				2298E0801AB00B7B003CEFFA /* TheCorkDistrict.xcdatamodeld */,
				2298E0B91AB01E53003CEFFA /* WineToursViewController.swift */,
				2298E0A11AB010FF003CEFFA /* WineriesViewController.swift */,
				2298E0AD1AB01902003CEFFA /* DetailViewController.swift */,
				C124D0501B0D35C6004CAF23 /* RouteMapViewController.swift */,
				2298E0B71AB01D91003CEFFA /* MapViewController.swift */,
				84E875681AE4A42700BDF4A0 /* MapUtilities.swift */,
				C124D0541B0D3BE6004CAF23 /* TourMapViewController.swift */,
				2298E0A51AB011B5003CEFFA /* RestaurantsViewController.swift */,
				2298E0A71AB011CB003CEFFA /* AccommodationsViewController.swift */,
				221D72861ACA8F87005C26EB /* ParkingViewController.swift */,
				2298E0A91AB011EA003CEFFA /* PackagesViewController.swift */,
				225E43E81B02EB55001DE744 /* AlaskaWinePassViewController.swift */,
				22F9FCAD1B05CA5500CA43B7 /* WineTourCell.swift */,
				225A2DFE1AF6D35600D072C2 /* PackageCell.swift */,
				225A2DFA1AF6D06600D072C2 /* EntityCell.swift */,
				225A2DFC1AF6D1FE00D072C2 /* ParkingCell.swift */,
				225A2DF81AF619B700D072C2 /* CorkDistrictEntity.swift */,
				221346EE1AD92B31009633DB /* Timer.swift */,
				221346EA1AD92A3F009633DB /* UIViewExtensions.swift */,
				22A85A091AB18B2000B45713 /* SwiftyJSON.swift */,
				2298E07C1AB00B7B003CEFFA /* Supporting Files */,
			);
			path = TheCorkDistrict;
			sourceTree = "<group>";
		};
		2298E07C1AB00B7B003CEFFA /* Supporting Files */ = {
			isa = PBXGroup;
			children = (
				2298E07D1AB00B7B003CEFFA /* Info.plist */,
			);
			name = "Supporting Files";
			sourceTree = "<group>";
		};
		2298E0941AB00B7B003CEFFA /* TheCorkDistrictTests */ = {
			isa = PBXGroup;
			children = (
				2298E0971AB00B7B003CEFFA /* TheCorkDistrictTests.swift */,
				2298E0951AB00B7B003CEFFA /* Supporting Files */,
			);
			path = TheCorkDistrictTests;
			sourceTree = "<group>";
		};
		2298E0951AB00B7B003CEFFA /* Supporting Files */ = {
			isa = PBXGroup;
			children = (
				2298E0961AB00B7B003CEFFA /* Info.plist */,
			);
			name = "Supporting Files";
			sourceTree = "<group>";
		};
/* End PBXGroup section */

/* Begin PBXNativeTarget section */
		2298E0781AB00B7B003CEFFA /* TheCorkDistrict */ = {
			isa = PBXNativeTarget;
			buildConfigurationList = 2298E09B1AB00B7B003CEFFA /* Build configuration list for PBXNativeTarget "TheCorkDistrict" */;
			buildPhases = (
				2298E0751AB00B7B003CEFFA /* Sources */,
				2298E0761AB00B7B003CEFFA /* Frameworks */,
				2298E0771AB00B7B003CEFFA /* Resources */,
			);
			buildRules = (
			);
			dependencies = (
			);
			name = TheCorkDistrict;
			productName = TheCorkDistrict;
			productReference = 2298E0791AB00B7B003CEFFA /* Cork District.app */;
			productType = "com.apple.product-type.application";
		};
		2298E0901AB00B7B003CEFFA /* TheCorkDistrictTests */ = {
			isa = PBXNativeTarget;
			buildConfigurationList = 2298E09E1AB00B7B003CEFFA /* Build configuration list for PBXNativeTarget "TheCorkDistrictTests" */;
			buildPhases = (
				2298E08D1AB00B7B003CEFFA /* Sources */,
				2298E08E1AB00B7B003CEFFA /* Frameworks */,
				2298E08F1AB00B7B003CEFFA /* Resources */,
			);
			buildRules = (
			);
			dependencies = (
				2298E0931AB00B7B003CEFFA /* PBXTargetDependency */,
			);
			name = TheCorkDistrictTests;
			productName = TheCorkDistrictTests;
			productReference = 2298E0911AB00B7B003CEFFA /* TheCorkDistrictTests.xctest */;
			productType = "com.apple.product-type.bundle.unit-test";
		};
/* End PBXNativeTarget section */

/* Begin PBXProject section */
		2298E0711AB00B7B003CEFFA /* Project object */ = {
			isa = PBXProject;
			attributes = {
				LastUpgradeCheck = 0610;
				ORGANIZATIONNAME = "Chris Larkin";
				TargetAttributes = {
					2298E0781AB00B7B003CEFFA = {
						CreatedOnToolsVersion = 6.1.1;
						DevelopmentTeam = 3CJJ2BJKAF;
					};
					2298E0901AB00B7B003CEFFA = {
						CreatedOnToolsVersion = 6.1.1;
						TestTargetID = 2298E0781AB00B7B003CEFFA;
					};
				};
			};
			buildConfigurationList = 2298E0741AB00B7B003CEFFA /* Build configuration list for PBXProject "TheCorkDistrict" */;
			compatibilityVersion = "Xcode 3.2";
			developmentRegion = English;
			hasScannedForEncodings = 0;
			knownRegions = (
				en,
				Base,
			);
			mainGroup = 2298E0701AB00B7B003CEFFA;
			productRefGroup = 2298E07A1AB00B7B003CEFFA /* Products */;
			projectDirPath = "";
			projectRoot = "";
			targets = (
				2298E0781AB00B7B003CEFFA /* TheCorkDistrict */,
				2298E0901AB00B7B003CEFFA /* TheCorkDistrictTests */,
			);
		};
/* End PBXProject section */

/* Begin PBXResourcesBuildPhase section */
		2298E0771AB00B7B003CEFFA /* Resources */ = {
			isa = PBXResourcesBuildPhase;
			buildActionMask = 2147483647;
			files = (
				C141C79E1B03E891007EBFF8 /* App_Icon.png in Resources */,
				2298E0871AB00B7B003CEFFA /* Main.storyboard in Resources */,
				2298E08C1AB00B7B003CEFFA /* LaunchScreen.xib in Resources */,
				2281672D1AE20CFE00CCC9DF /* LoadViewController.xib in Resources */,
				2298E0891AB00B7B003CEFFA /* Images.xcassets in Resources */,
			);
			runOnlyForDeploymentPostprocessing = 0;
		};
		2298E08F1AB00B7B003CEFFA /* Resources */ = {
			isa = PBXResourcesBuildPhase;
			buildActionMask = 2147483647;
			files = (
			);
			runOnlyForDeploymentPostprocessing = 0;
		};
/* End PBXResourcesBuildPhase section */

/* Begin PBXSourcesBuildPhase section */
		2298E0751AB00B7B003CEFFA /* Sources */ = {
			isa = PBXSourcesBuildPhase;
			buildActionMask = 2147483647;
			files = (
				2298E0A21AB010FF003CEFFA /* WineriesViewController.swift in Sources */,
				2298E0A81AB011CB003CEFFA /* AccommodationsViewController.swift in Sources */,
				221346EF1AD92B31009633DB /* Timer.swift in Sources */,
				225A2DF91AF619B700D072C2 /* CorkDistrictEntity.swift in Sources */,
				2298E0BA1AB01E53003CEFFA /* WineToursViewController.swift in Sources */,
				225A2DFD1AF6D1FE00D072C2 /* ParkingCell.swift in Sources */,
				840AEAC31B04247E00DBB6EF /* (null) in Sources */,
				2298E0A61AB011B5003CEFFA /* RestaurantsViewController.swift in Sources */,
				2281672C1AE20CFE00CCC9DF /* LoadViewController.swift in Sources */,
				C124D0551B0D3BE6004CAF23 /* TourMapViewController.swift in Sources */,
				2298E0A41AB01188003CEFFA /* DataManager.swift in Sources */,
				225E43E91B02EB55001DE744 /* AlaskaWinePassViewController.swift in Sources */,
				84E875691AE4A42700BDF4A0 /* MapUtilities.swift in Sources */,
				2298E0841AB00B7B003CEFFA /* ViewController.swift in Sources */,
				225A2DFF1AF6D35600D072C2 /* PackageCell.swift in Sources */,
				2298E0B81AB01D91003CEFFA /* MapViewController.swift in Sources */,
				C124D0511B0D35C6004CAF23 /* RouteMapViewController.swift in Sources */,
				2298E0AA1AB011EA003CEFFA /* PackagesViewController.swift in Sources */,
				2298E0AE1AB01902003CEFFA /* DetailViewController.swift in Sources */,
				225A2DFB1AF6D06600D072C2 /* EntityCell.swift in Sources */,
				22F9FCAE1B05CA5500CA43B7 /* WineTourCell.swift in Sources */,
				2298E0821AB00B7B003CEFFA /* TheCorkDistrict.xcdatamodeld in Sources */,
				840AEAC11B03DC9400DBB6EF /* (null) in Sources */,
				22A85A0A1AB18B2000B45713 /* SwiftyJSON.swift in Sources */,
				221D72871ACA8F87005C26EB /* ParkingViewController.swift in Sources */,
				221346EB1AD92A3F009633DB /* UIViewExtensions.swift in Sources */,
				2298E07F1AB00B7B003CEFFA /* AppDelegate.swift in Sources */,
			);
			runOnlyForDeploymentPostprocessing = 0;
		};
		2298E08D1AB00B7B003CEFFA /* Sources */ = {
			isa = PBXSourcesBuildPhase;
			buildActionMask = 2147483647;
			files = (
				2298E0981AB00B7B003CEFFA /* TheCorkDistrictTests.swift in Sources */,
			);
			runOnlyForDeploymentPostprocessing = 0;
		};
/* End PBXSourcesBuildPhase section */

/* Begin PBXTargetDependency section */
		2298E0931AB00B7B003CEFFA /* PBXTargetDependency */ = {
			isa = PBXTargetDependency;
			target = 2298E0781AB00B7B003CEFFA /* TheCorkDistrict */;
			targetProxy = 2298E0921AB00B7B003CEFFA /* PBXContainerItemProxy */;
		};
/* End PBXTargetDependency section */

/* Begin PBXVariantGroup section */
		2298E0851AB00B7B003CEFFA /* Main.storyboard */ = {
			isa = PBXVariantGroup;
			children = (
				2298E0861AB00B7B003CEFFA /* Base */,
			);
			name = Main.storyboard;
			sourceTree = "<group>";
		};
		2298E08A1AB00B7B003CEFFA /* LaunchScreen.xib */ = {
			isa = PBXVariantGroup;
			children = (
				2298E08B1AB00B7B003CEFFA /* Base */,
			);
			name = LaunchScreen.xib;
			sourceTree = "<group>";
		};
/* End PBXVariantGroup section */

/* Begin XCBuildConfiguration section */
		2298E0991AB00B7B003CEFFA /* Debug */ = {
			isa = XCBuildConfiguration;
			buildSettings = {
				ALWAYS_SEARCH_USER_PATHS = NO;
				CLANG_CXX_LANGUAGE_STANDARD = "gnu++0x";
				CLANG_CXX_LIBRARY = "libc++";
				CLANG_ENABLE_MODULES = YES;
				CLANG_ENABLE_OBJC_ARC = YES;
				CLANG_WARN_BOOL_CONVERSION = YES;
				CLANG_WARN_CONSTANT_CONVERSION = YES;
				CLANG_WARN_DIRECT_OBJC_ISA_USAGE = YES_ERROR;
				CLANG_WARN_EMPTY_BODY = YES;
				CLANG_WARN_ENUM_CONVERSION = YES;
				CLANG_WARN_INT_CONVERSION = YES;
				CLANG_WARN_OBJC_ROOT_CLASS = YES_ERROR;
				CLANG_WARN_UNREACHABLE_CODE = YES;
				CLANG_WARN__DUPLICATE_METHOD_MATCH = YES;
				"CODE_SIGN_IDENTITY[sdk=iphoneos*]" = "iPhone Developer";
				COPY_PHASE_STRIP = NO;
				ENABLE_STRICT_OBJC_MSGSEND = YES;
				GCC_C_LANGUAGE_STANDARD = gnu99;
				GCC_DYNAMIC_NO_PIC = NO;
				GCC_OPTIMIZATION_LEVEL = 0;
				GCC_PREPROCESSOR_DEFINITIONS = (
					"DEBUG=1",
					"$(inherited)",
				);
				GCC_SYMBOLS_PRIVATE_EXTERN = NO;
				GCC_WARN_64_TO_32_BIT_CONVERSION = YES;
				GCC_WARN_ABOUT_RETURN_TYPE = YES_ERROR;
				GCC_WARN_UNDECLARED_SELECTOR = YES;
				GCC_WARN_UNINITIALIZED_AUTOS = YES_AGGRESSIVE;
				GCC_WARN_UNUSED_FUNCTION = YES;
				GCC_WARN_UNUSED_VARIABLE = YES;
				IPHONEOS_DEPLOYMENT_TARGET = 8.0;
				MTL_ENABLE_DEBUG_INFO = YES;
				ONLY_ACTIVE_ARCH = YES;
				SDKROOT = iphoneos;
				SWIFT_OPTIMIZATION_LEVEL = "-Onone";
			};
			name = Debug;
		};
		2298E09A1AB00B7B003CEFFA /* Release */ = {
			isa = XCBuildConfiguration;
			buildSettings = {
				ALWAYS_SEARCH_USER_PATHS = NO;
				CLANG_CXX_LANGUAGE_STANDARD = "gnu++0x";
				CLANG_CXX_LIBRARY = "libc++";
				CLANG_ENABLE_MODULES = YES;
				CLANG_ENABLE_OBJC_ARC = YES;
				CLANG_WARN_BOOL_CONVERSION = YES;
				CLANG_WARN_CONSTANT_CONVERSION = YES;
				CLANG_WARN_DIRECT_OBJC_ISA_USAGE = YES_ERROR;
				CLANG_WARN_EMPTY_BODY = YES;
				CLANG_WARN_ENUM_CONVERSION = YES;
				CLANG_WARN_INT_CONVERSION = YES;
				CLANG_WARN_OBJC_ROOT_CLASS = YES_ERROR;
				CLANG_WARN_UNREACHABLE_CODE = YES;
				CLANG_WARN__DUPLICATE_METHOD_MATCH = YES;
				"CODE_SIGN_IDENTITY[sdk=iphoneos*]" = "iPhone Developer";
				COPY_PHASE_STRIP = YES;
				ENABLE_NS_ASSERTIONS = NO;
				ENABLE_STRICT_OBJC_MSGSEND = YES;
				GCC_C_LANGUAGE_STANDARD = gnu99;
				GCC_WARN_64_TO_32_BIT_CONVERSION = YES;
				GCC_WARN_ABOUT_RETURN_TYPE = YES_ERROR;
				GCC_WARN_UNDECLARED_SELECTOR = YES;
				GCC_WARN_UNINITIALIZED_AUTOS = YES_AGGRESSIVE;
				GCC_WARN_UNUSED_FUNCTION = YES;
				GCC_WARN_UNUSED_VARIABLE = YES;
				IPHONEOS_DEPLOYMENT_TARGET = 8.0;
				MTL_ENABLE_DEBUG_INFO = NO;
				ONLY_ACTIVE_ARCH = YES;
				SDKROOT = iphoneos;
				VALIDATE_PRODUCT = YES;
			};
			name = Release;
		};
		2298E09C1AB00B7B003CEFFA /* Debug */ = {
			isa = XCBuildConfiguration;
			buildSettings = {
				ASSETCATALOG_COMPILER_APPICON_NAME = AppIcon;
				ASSETCATALOG_COMPILER_LAUNCHIMAGE_NAME = LaunchImage;
				CODE_SIGN_IDENTITY = "iPhone Developer";
				"CODE_SIGN_IDENTITY[sdk=iphoneos*]" = "iPhone Developer";
				INFOPLIST_FILE = TheCorkDistrict/Info.plist;
				IPHONEOS_DEPLOYMENT_TARGET = 8.0;
				LD_RUNPATH_SEARCH_PATHS = "$(inherited) @executable_path/Frameworks";
				PRODUCT_NAME = "Cork District";
				PROVISIONING_PROFILE = "";
				TARGETED_DEVICE_FAMILY = 1;
			};
			name = Debug;
		};
		2298E09D1AB00B7B003CEFFA /* Release */ = {
			isa = XCBuildConfiguration;
			buildSettings = {
				ASSETCATALOG_COMPILER_APPICON_NAME = AppIcon;
				ASSETCATALOG_COMPILER_LAUNCHIMAGE_NAME = LaunchImage;
				CODE_SIGN_IDENTITY = "iPhone Developer";
				"CODE_SIGN_IDENTITY[sdk=iphoneos*]" = "iPhone Developer";
				INFOPLIST_FILE = TheCorkDistrict/Info.plist;
				IPHONEOS_DEPLOYMENT_TARGET = 8.0;
				LD_RUNPATH_SEARCH_PATHS = "$(inherited) @executable_path/Frameworks";
				PRODUCT_NAME = "Cork District";
				PROVISIONING_PROFILE = "";
				TARGETED_DEVICE_FAMILY = 1;
			};
			name = Release;
		};
		2298E09F1AB00B7B003CEFFA /* Debug */ = {
			isa = XCBuildConfiguration;
			buildSettings = {
				BUNDLE_LOADER = "$(TEST_HOST)";
				FRAMEWORK_SEARCH_PATHS = (
					"$(SDKROOT)/Developer/Library/Frameworks",
					"$(inherited)",
				);
				GCC_PREPROCESSOR_DEFINITIONS = (
					"DEBUG=1",
					"$(inherited)",
				);
				INFOPLIST_FILE = TheCorkDistrictTests/Info.plist;
				LD_RUNPATH_SEARCH_PATHS = "$(inherited) @executable_path/Frameworks @loader_path/Frameworks";
				PRODUCT_NAME = "$(TARGET_NAME)";
				TEST_HOST = "$(BUILT_PRODUCTS_DIR)/TheCorkDistrict.app/TheCorkDistrict";
			};
			name = Debug;
		};
		2298E0A01AB00B7B003CEFFA /* Release */ = {
			isa = XCBuildConfiguration;
			buildSettings = {
				BUNDLE_LOADER = "$(TEST_HOST)";
				FRAMEWORK_SEARCH_PATHS = (
					"$(SDKROOT)/Developer/Library/Frameworks",
					"$(inherited)",
				);
				INFOPLIST_FILE = TheCorkDistrictTests/Info.plist;
				LD_RUNPATH_SEARCH_PATHS = "$(inherited) @executable_path/Frameworks @loader_path/Frameworks";
				PRODUCT_NAME = "$(TARGET_NAME)";
				TEST_HOST = "$(BUILT_PRODUCTS_DIR)/TheCorkDistrict.app/TheCorkDistrict";
			};
			name = Release;
		};
/* End XCBuildConfiguration section */

/* Begin XCConfigurationList section */
		2298E0741AB00B7B003CEFFA /* Build configuration list for PBXProject "TheCorkDistrict" */ = {
			isa = XCConfigurationList;
			buildConfigurations = (
				2298E0991AB00B7B003CEFFA /* Debug */,
				2298E09A1AB00B7B003CEFFA /* Release */,
			);
			defaultConfigurationIsVisible = 0;
			defaultConfigurationName = Release;
		};
		2298E09B1AB00B7B003CEFFA /* Build configuration list for PBXNativeTarget "TheCorkDistrict" */ = {
			isa = XCConfigurationList;
			buildConfigurations = (
				2298E09C1AB00B7B003CEFFA /* Debug */,
				2298E09D1AB00B7B003CEFFA /* Release */,
			);
			defaultConfigurationIsVisible = 0;
			defaultConfigurationName = Release;
		};
		2298E09E1AB00B7B003CEFFA /* Build configuration list for PBXNativeTarget "TheCorkDistrictTests" */ = {
			isa = XCConfigurationList;
			buildConfigurations = (
				2298E09F1AB00B7B003CEFFA /* Debug */,
				2298E0A01AB00B7B003CEFFA /* Release */,
			);
			defaultConfigurationIsVisible = 0;
			defaultConfigurationName = Release;
		};
/* End XCConfigurationList section */

/* Begin XCVersionGroup section */
		2298E0801AB00B7B003CEFFA /* TheCorkDistrict.xcdatamodeld */ = {
			isa = XCVersionGroup;
			children = (
				2298E0811AB00B7B003CEFFA /* TheCorkDistrict.xcdatamodel */,
			);
			currentVersion = 2298E0811AB00B7B003CEFFA /* TheCorkDistrict.xcdatamodel */;
			path = TheCorkDistrict.xcdatamodeld;
			sourceTree = "<group>";
			versionGroupType = wrapper.xcdatamodel;
		};
/* End XCVersionGroup section */
	};
	rootObject = 2298E0711AB00B7B003CEFFA /* Project object */;
}
